{
  "name": "testapp",
  "version": "1.0.0",
  "lockfileVersion": 1,
  "requires": true,
  "dependencies": {
    "automerge": {
      "version": "github:orionz/automerge#d0ef62a542b7b723c6e67a9fb65eb12638bcb426",
      "from": "github:orionz/automerge#dist",
      "requires": {
        "fast-sha256": "^1.3.0",
        "immutable": "^3.8.2",
        "uuid": "^3.4.0"
      }
    },
    "automerge-backend-wasm-module": {
      "version": "github:orionz/automerge-backend-wasm-module#38beb7f62d000c7184298b834e1fa953b70abc3d",
      "from": "github:orionz/automerge-backend-wasm-module"
    },
    "automerge-backend-wasm-node": {
      "version": "github:orionz/automerge-backend-wasm-node#97f260811d4c9ef5116196f014b63c38077650ba",
      "from": "github:orionz/automerge-backend-wasm-node"
    },
    "automerge-wasm": {
      "version": "file:automerge-wasm-0.1.0.tgz",
      "integrity": "sha512-qIQrS+oOOByMbFI9htd/KORBpHMdVp14ORTjY3sk9zUGPlmC8XyImXFEGUmEoV0zIMYHcYuueXK0ypaHAzEyMw==",
      "requires": {
        "automerge": "github:orionz/automerge#dist",
        "automerge-backend-wasm-module": "github:orionz/automerge-backend-wasm-module",
        "automerge-backend-wasm-node": "github:orionz/automerge-backend-wasm-node"
      }
    },
    "fast-sha256": {
      "version": "1.3.0",
      "resolved": "https://registry.npmjs.org/fast-sha256/-/fast-sha256-1.3.0.tgz",
      "integrity": "sha512-n11RGP/lrWEFI/bWdygLxhI+pVeo1ZYIVwvvPkW7azl/rOy+F3HYRZ2K5zeE9mmkhQppyv9sQFx0JM9UabnpPQ=="
    },
    "immutable": {
      "version": "3.8.2",
      "resolved": "https://registry.npmjs.org/immutable/-/immutable-3.8.2.tgz",
      "integrity": "sha1-wkOZUUVbs5kT2vKBN28VMOEErfM="
    },
    "uuid": {
      "version": "3.4.0",
      "resolved": "https://registry.npmjs.org/uuid/-/uuid-3.4.0.tgz",
      "integrity": "sha512-HjSDRw6gZE5JMggctHBcjVak08+KEVhSIiDzFnT9S9aegmp85S/bReBVTb4QTFaRNptJ9kuYaNhnbNEOkbKb/A=="
    }
  }
}
